
Microsoft Visual Studio Solution File, Format Version 12.00
# Visual Studio Version 17
VisualStudioVersion = 17.13.35913.81 d17.13
MinimumVisualStudioVersion = 10.0.40219.1
Project("{888888A0-9F3D-457C-B088-3A5042F75D52}") = "newWebProject", "newWebProject\newWebProject.pyproj", "{9897D234-A518-4203-BE9F-2B5B3E22087D}"
EndProject
Global
	GlobalSection(SolutionConfigurationPlatforms) = preSolution
		Debug|Any CPU = Debug|Any CPU
		Release|Any CPU = Release|Any CPU
	EndGlobalSection
	GlobalSection(ProjectConfigurationPlatforms) = postSolution
		{9897D234-A518-4203-BE9F-2B5B3E22087D}.Debug|Any CPU.ActiveCfg = Debug|Any CPU
		{9897D234-A518-4203-BE9F-2B5B3E22087D}.Release|Any CPU.ActiveCfg = Release|Any CPU
	EndGlobalSection
	GlobalSection(SolutionProperties) = preSolution
		HideSolutionNode = FALSE
	EndGlobalSection
	GlobalSection(ExtensibilityGlobals) = postSolution
		SolutionGuid = {9F2231CA-9363-4F50-95EF-DFC3CCCE72F2}
	EndGlobalSection
EndGlobal
